
Microsoft Visual Studio Solution File, Format Version 12.00
# Visual Studio 2012
Project("{CC5FD16D-436D-48AD-A40C-5A424C6E3E79}") = "WheresRonny.CloudService", "WheresRonny.CloudService\WheresRonny.CloudService.ccproj", "{42BAFC79-46A9-4D9A-99B2-D275EA2F0DF3}"
EndProject
Project("{FAE04EC0-301F-11D3-BF4B-00C04F79EFBC}") = "WheresRonny.WebRole", "WheresRonny.WebRole\WheresRonny.WebRole.csproj", "{CD5A257A-8A6E-49B8-924B-8924C72BB47C}"
EndProject
Project("{FAE04EC0-301F-11D3-BF4B-00C04F79EFBC}") = "WheresRonny.WebRole.Tests", "WheresRonny.WebRole.Tests\WheresRonny.WebRole.Tests.csproj", "{9F21FB0B-F864-40BD-88F7-963FCC21DD5B}"
EndProject
Global
	GlobalSection(SolutionConfigurationPlatforms) = preSolution
		Debug|Any CPU = Debug|Any CPU
		Release|Any CPU = Release|Any CPU
	EndGlobalSection
	GlobalSection(ProjectConfigurationPlatforms) = postSolution
		{42BAFC79-46A9-4D9A-99B2-D275EA2F0DF3}.Debug|Any CPU.ActiveCfg = Debug|Any CPU
		{42BAFC79-46A9-4D9A-99B2-D275EA2F0DF3}.Debug|Any CPU.Build.0 = Debug|Any CPU
		{42BAFC79-46A9-4D9A-99B2-D275EA2F0DF3}.Release|Any CPU.ActiveCfg = Release|Any CPU
		{42BAFC79-46A9-4D9A-99B2-D275EA2F0DF3}.Release|Any CPU.Build.0 = Release|Any CPU
		{CD5A257A-8A6E-49B8-924B-8924C72BB47C}.Debug|Any CPU.ActiveCfg = Debug|Any CPU
		{CD5A257A-8A6E-49B8-924B-8924C72BB47C}.Debug|Any CPU.Build.0 = Debug|Any CPU
		{CD5A257A-8A6E-49B8-924B-8924C72BB47C}.Release|Any CPU.ActiveCfg = Release|Any CPU
		{CD5A257A-8A6E-49B8-924B-8924C72BB47C}.Release|Any CPU.Build.0 = Release|Any CPU
		{9F21FB0B-F864-40BD-88F7-963FCC21DD5B}.Debug|Any CPU.ActiveCfg = Debug|Any CPU
		{9F21FB0B-F864-40BD-88F7-963FCC21DD5B}.Debug|Any CPU.Build.0 = Debug|Any CPU
		{9F21FB0B-F864-40BD-88F7-963FCC21DD5B}.Release|Any CPU.ActiveCfg = Release|Any CPU
		{9F21FB0B-F864-40BD-88F7-963FCC21DD5B}.Release|Any CPU.Build.0 = Release|Any CPU
	EndGlobalSection
	GlobalSection(SolutionProperties) = preSolution
		HideSolutionNode = FALSE
	EndGlobalSection
EndGlobal
